
Microsoft Visual Studio Solution File, Format Version 12.00
# Visual Studio Version 16
VisualStudioVersion = 16.0.29006.145
MinimumVisualStudioVersion = 10.0.40219.1
Project("{FAE04EC0-301F-11D3-BF4B-00C04F79EFBC}") = "GridLevelLib", "GridLevelLib\GridLevelLib.csproj", "{9426E36E-C3AD-4570-AFF9-DC99069E948D}"
EndProject
Project("{FAE04EC0-301F-11D3-BF4B-00C04F79EFBC}") = "GridLevelEditor", "GridLevelEditor\GridLevelEditor.csproj", "{875D58FB-F517-4A22-BD77-26CFE84AF58E}"
EndProject
Global
	GlobalSection(SolutionConfigurationPlatforms) = preSolution
		Debug|Any CPU = Debug|Any CPU
		Release|Any CPU = Release|Any CPU
	EndGlobalSection
	GlobalSection(ProjectConfigurationPlatforms) = postSolution
		{9426E36E-C3AD-4570-AFF9-DC99069E948D}.Debug|Any CPU.ActiveCfg = Debug|Any CPU
		{9426E36E-C3AD-4570-AFF9-DC99069E948D}.Debug|Any CPU.Build.0 = Debug|Any CPU
		{9426E36E-C3AD-4570-AFF9-DC99069E948D}.Release|Any CPU.ActiveCfg = Release|Any CPU
		{9426E36E-C3AD-4570-AFF9-DC99069E948D}.Release|Any CPU.Build.0 = Release|Any CPU
		{875D58FB-F517-4A22-BD77-26CFE84AF58E}.Debug|Any CPU.ActiveCfg = Debug|Any CPU
		{875D58FB-F517-4A22-BD77-26CFE84AF58E}.Debug|Any CPU.Build.0 = Debug|Any CPU
		{875D58FB-F517-4A22-BD77-26CFE84AF58E}.Release|Any CPU.ActiveCfg = Release|Any CPU
		{875D58FB-F517-4A22-BD77-26CFE84AF58E}.Release|Any CPU.Build.0 = Release|Any CPU
	EndGlobalSection
	GlobalSection(SolutionProperties) = preSolution
		HideSolutionNode = FALSE
	EndGlobalSection
	GlobalSection(ExtensibilityGlobals) = postSolution
		SolutionGuid = {0F1B2BFA-CDCC-4DDE-AE43-41D52EF9AF5B}
	EndGlobalSection
EndGlobal
